{
  "name": "@suroi/server",
<<<<<<< HEAD
  "version": "0.1.0",
  "lockfileVersion": 2,
=======
  "version": "0.0.0",
  "lockfileVersion": 3,
>>>>>>> 7693e7e7838c7748d7fe6c0f4813b49e6a424703
  "requires": true,
  "packages": {
    "": {
      "name": "@suroi/server",
<<<<<<< HEAD
      "version": "0.1.0",
      "license": "GPL-3.0",
      "dependencies": {
        "@suroi/api": "file:../api",
        "typescript": "^5.0.4",
        "uWebSockets.js": "github:uNetworking/uWebSockets.js#v20.23.0"
      },
      "devDependencies": {
        "@types/node": "^18.16.3"
      }
    },
    "../api": {
      "name": "@suroi/api",
      "version": "0.1.0",
      "license": "GPL-3.0",
      "dependencies": {
        "@types/node": "^18.16.3"
      }
    },
    "node_modules/@suroi/api": {
      "resolved": "../api",
      "link": true
    },
=======
      "version": "0.0.0",
      "license": "GPL-3.0",
      "devDependencies": {
        "@types/node": "^18.16.3",
        "typescript": "^5.0.4"
      }
    },
>>>>>>> 7693e7e7838c7748d7fe6c0f4813b49e6a424703
    "node_modules/@types/node": {
      "version": "18.16.3",
      "resolved": "https://registry.npmjs.org/@types/node/-/node-18.16.3.tgz",
      "integrity": "sha512-OPs5WnnT1xkCBiuQrZA4+YAV4HEJejmHneyraIaxsbev5yCEr6KMwINNFP9wQeFIw8FWcoTqF3vQsa5CDaI+8Q==",
      "dev": true
    },
    "node_modules/typescript": {
      "version": "5.0.4",
      "resolved": "https://registry.npmjs.org/typescript/-/typescript-5.0.4.tgz",
      "integrity": "sha512-cW9T5W9xY37cc+jfEnaUvX91foxtHkza3Nw3wkoF4sSlKn0MONdkdEndig/qPBWXNkmplh3NzayQzCiHM4/hqw==",
<<<<<<< HEAD
=======
      "dev": true,
>>>>>>> 7693e7e7838c7748d7fe6c0f4813b49e6a424703
      "bin": {
        "tsc": "bin/tsc",
        "tsserver": "bin/tsserver"
      },
      "engines": {
        "node": ">=12.20"
      }
<<<<<<< HEAD
    },
    "node_modules/uWebSockets.js": {
      "version": "20.23.0",
      "resolved": "git+ssh://git@github.com/uNetworking/uWebSockets.js.git#49f8f1eb54435e4c3e3e436571e93d1f06aaabbb"
    }
  },
  "dependencies": {
    "@suroi/api": {
      "version": "file:../api",
      "requires": {
        "@types/node": "^18.16.3"
      }
    },
    "@types/node": {
      "version": "18.16.3",
      "resolved": "https://registry.npmjs.org/@types/node/-/node-18.16.3.tgz",
      "integrity": "sha512-OPs5WnnT1xkCBiuQrZA4+YAV4HEJejmHneyraIaxsbev5yCEr6KMwINNFP9wQeFIw8FWcoTqF3vQsa5CDaI+8Q==",
      "dev": true
    },
    "typescript": {
      "version": "5.0.4",
      "resolved": "https://registry.npmjs.org/typescript/-/typescript-5.0.4.tgz",
      "integrity": "sha512-cW9T5W9xY37cc+jfEnaUvX91foxtHkza3Nw3wkoF4sSlKn0MONdkdEndig/qPBWXNkmplh3NzayQzCiHM4/hqw=="
    },
    "uWebSockets.js": {
      "version": "git+ssh://git@github.com/uNetworking/uWebSockets.js.git#49f8f1eb54435e4c3e3e436571e93d1f06aaabbb",
      "from": "uWebSockets.js@github:uNetworking/uWebSockets.js#v20.23.0"
=======
>>>>>>> 7693e7e7838c7748d7fe6c0f4813b49e6a424703
    }
  }
}
